// !$*UTF8*$!
{
	archiveVersion = 1;
	classes = {
	};
	objectVersion = 50;
	objects = {

/* Begin PBXBuildFile section */
		661BEEBF273A8C8F00B7817F /* dataMixes.swift in Sources */ = {isa = PBXBuildFile; fileRef = 661BEEBE273A8C8F00B7817F /* dataMixes.swift */; };
		661BEEC3273BE5C700B7817F /* navigationViewController.swift in Sources */ = {isa = PBXBuildFile; fileRef = 661BEEC2273BE5C700B7817F /* navigationViewController.swift */; };
		661BEEC5273BE76600B7817F /* ViewController.swift in Sources */ = {isa = PBXBuildFile; fileRef = 661BEEC4273BE76600B7817F /* ViewController.swift */; };
		66D00001271170D4004297F1 /* Assets.xcassets in Resources */ = {isa = PBXBuildFile; fileRef = 66D00000271170D4004297F1 /* Assets.xcassets */; };
		66D00004271170D4004297F1 /* LaunchScreen.storyboard in Resources */ = {isa = PBXBuildFile; fileRef = 66D00002271170D4004297F1 /* LaunchScreen.storyboard */; };
		66D0FFF8271170C7004297F1 /* AppDelegate.swift in Sources */ = {isa = PBXBuildFile; fileRef = 66D0FFF7271170C7004297F1 /* AppDelegate.swift */; };
		66D0FFFA271170C7004297F1 /* SceneDelegate.swift in Sources */ = {isa = PBXBuildFile; fileRef = 66D0FFF9271170C7004297F1 /* SceneDelegate.swift */; };
		66D0FFFF271170C8004297F1 /* Main.storyboard in Resources */ = {isa = PBXBuildFile; fileRef = 66D0FFFD271170C8004297F1 /* Main.storyboard */; };
		99561B2027298A72007E8150 /* HomeViewController.swift in Sources */ = {isa = PBXBuildFile; fileRef = 99561B1F27298A72007E8150 /* HomeViewController.swift */; };
		99561B2427298B3C007E8150 /* LibaryViewController.swift in Sources */ = {isa = PBXBuildFile; fileRef = 99561B2327298B3C007E8150 /* LibaryViewController.swift */; };
		99561B2C2729A1EA007E8150 /* MainCell.swift in Sources */ = {isa = PBXBuildFile; fileRef = 99561B2B2729A1EA007E8150 /* MainCell.swift */; };
		99B7D145272AF3FF0053C09D /* LibaryCell.swift in Sources */ = {isa = PBXBuildFile; fileRef = 99B7D144272AF3FF0053C09D /* LibaryCell.swift */; };
/* End PBXBuildFile section */

/* Begin PBXFileReference section */
		661BEEBE273A8C8F00B7817F /* dataMixes.swift */ = {isa = PBXFileReference; fileEncoding = 4; lastKnownFileType = sourcecode.swift; path = dataMixes.swift; sourceTree = "<group>"; };
		661BEEC2273BE5C700B7817F /* navigationViewController.swift */ = {isa = PBXFileReference; lastKnownFileType = sourcecode.swift; path = navigationViewController.swift; sourceTree = "<group>"; };
		661BEEC4273BE76600B7817F /* ViewController.swift */ = {isa = PBXFileReference; lastKnownFileType = sourcecode.swift; path = ViewController.swift; sourceTree = "<group>"; };
		66D00000271170D4004297F1 /* Assets.xcassets */ = {isa = PBXFileReference; lastKnownFileType = folder.assetcatalog; path = Assets.xcassets; sourceTree = "<group>"; };
		66D00003271170D4004297F1 /* Base */ = {isa = PBXFileReference; lastKnownFileType = file.storyboard; name = Base; path = Base.lproj/LaunchScreen.storyboard; sourceTree = "<group>"; };
		66D00005271170D4004297F1 /* Info.plist */ = {isa = PBXFileReference; lastKnownFileType = text.plist.xml; path = Info.plist; sourceTree = "<group>"; };
		66D0FFF4271170C7004297F1 /* MIXes.app */ = {isa = PBXFileReference; explicitFileType = wrapper.application; includeInIndex = 0; path = MIXes.app; sourceTree = BUILT_PRODUCTS_DIR; };
		66D0FFF7271170C7004297F1 /* AppDelegate.swift */ = {isa = PBXFileReference; lastKnownFileType = sourcecode.swift; path = AppDelegate.swift; sourceTree = "<group>"; };
		66D0FFF9271170C7004297F1 /* SceneDelegate.swift */ = {isa = PBXFileReference; lastKnownFileType = sourcecode.swift; path = SceneDelegate.swift; sourceTree = "<group>"; };
		66D0FFFE271170C8004297F1 /* Base */ = {isa = PBXFileReference; lastKnownFileType = file.storyboard; name = Base; path = Base.lproj/Main.storyboard; sourceTree = "<group>"; };
		99561B1F27298A72007E8150 /* HomeViewController.swift */ = {isa = PBXFileReference; lastKnownFileType = sourcecode.swift; path = HomeViewController.swift; sourceTree = "<group>"; };
		99561B2327298B3C007E8150 /* LibaryViewController.swift */ = {isa = PBXFileReference; lastKnownFileType = sourcecode.swift; path = LibaryViewController.swift; sourceTree = "<group>"; };
		99561B2B2729A1EA007E8150 /* MainCell.swift */ = {isa = PBXFileReference; lastKnownFileType = sourcecode.swift; path = MainCell.swift; sourceTree = "<group>"; };
		99B7D144272AF3FF0053C09D /* LibaryCell.swift */ = {isa = PBXFileReference; lastKnownFileType = sourcecode.swift; path = LibaryCell.swift; sourceTree = "<group>"; };
/* End PBXFileReference section */

/* Begin PBXFrameworksBuildPhase section */
		66D0FFF1271170C7004297F1 /* Frameworks */ = {
			isa = PBXFrameworksBuildPhase;
			buildActionMask = 2147483647;
			files = (
			);
			runOnlyForDeploymentPostprocessing = 0;
		};
/* End PBXFrameworksBuildPhase section */

/* Begin PBXGroup section */
		66D0FFEB271170C7004297F1 = {
			isa = PBXGroup;
			children = (
				66D0FFF6271170C7004297F1 /* MIXes */,
				66D0FFF5271170C7004297F1 /* Products */,
			);
			sourceTree = "<group>";
		};
		66D0FFF5271170C7004297F1 /* Products */ = {
			isa = PBXGroup;
			children = (
				66D0FFF4271170C7004297F1 /* MIXes.app */,
			);
			name = Products;
			sourceTree = "<group>";
		};
		66D0FFF6271170C7004297F1 /* MIXes */ = {
			isa = PBXGroup;
			children = (
				66D0FFF7271170C7004297F1 /* AppDelegate.swift */,
				66D0FFF9271170C7004297F1 /* SceneDelegate.swift */,
				66D0FFFD271170C8004297F1 /* Main.storyboard */,
				661BEEC4273BE76600B7817F /* ViewController.swift */,
				661BEEC2273BE5C700B7817F /* navigationViewController.swift */,
				99561B2327298B3C007E8150 /* LibaryViewController.swift */,
				66D00000271170D4004297F1 /* Assets.xcassets */,
				66D00002271170D4004297F1 /* LaunchScreen.storyboard */,
				66D00005271170D4004297F1 /* Info.plist */,
				99561B1F27298A72007E8150 /* HomeViewController.swift */,
				99561B2B2729A1EA007E8150 /* MainCell.swift */,
				99B7D144272AF3FF0053C09D /* LibaryCell.swift */,
				661BEEBE273A8C8F00B7817F /* dataMixes.swift */,
			);
			path = MIXes;
			sourceTree = "<group>";
		};
/* End PBXGroup section */

/* Begin PBXNativeTarget section */
		66D0FFF3271170C7004297F1 /* MIXes */ = {
			isa = PBXNativeTarget;
			buildConfigurationList = 66D00008271170D4004297F1 /* Build configuration list for PBXNativeTarget "MIXes" */;
			buildPhases = (
				66D0FFF0271170C7004297F1 /* Sources */,
				66D0FFF1271170C7004297F1 /* Frameworks */,
				66D0FFF2271170C7004297F1 /* Resources */,
			);
			buildRules = (
			);
			dependencies = (
			);
			name = MIXes;
			productName = MIXes;
			productReference = 66D0FFF4271170C7004297F1 /* MIXes.app */;
			productType = "com.apple.product-type.application";
		};
/* End PBXNativeTarget section */

/* Begin PBXProject section */
		66D0FFEC271170C7004297F1 /* Project object */ = {
			isa = PBXProject;
			attributes = {
				LastSwiftUpdateCheck = 1250;
				LastUpgradeCheck = 1250;
				TargetAttributes = {
					66D0FFF3271170C7004297F1 = {
						CreatedOnToolsVersion = 12.5.1;
					};
				};
			};
			buildConfigurationList = 66D0FFEF271170C7004297F1 /* Build configuration list for PBXProject "MIXes" */;
			compatibilityVersion = "Xcode 9.3";
			developmentRegion = en;
			hasScannedForEncodings = 0;
			knownRegions = (
				en,
				Base,
			);
			mainGroup = 66D0FFEB271170C7004297F1;
			productRefGroup = 66D0FFF5271170C7004297F1 /* Products */;
			projectDirPath = "";
			projectRoot = "";
			targets = (
				66D0FFF3271170C7004297F1 /* MIXes */,
			);
		};
/* End PBXProject section */

/* Begin PBXResourcesBuildPhase section */
		66D0FFF2271170C7004297F1 /* Resources */ = {
			isa = PBXResourcesBuildPhase;
			buildActionMask = 2147483647;
			files = (
				66D00004271170D4004297F1 /* LaunchScreen.storyboard in Resources */,
				66D00001271170D4004297F1 /* Assets.xcassets in Resources */,
				66D0FFFF271170C8004297F1 /* Main.storyboard in Resources */,
			);
			runOnlyForDeploymentPostprocessing = 0;
		};
/* End PBXResourcesBuildPhase section */

/* Begin PBXSourcesBuildPhase section */
		66D0FFF0271170C7004297F1 /* Sources */ = {
			isa = PBXSourcesBuildPhase;
			buildActionMask = 2147483647;
			files = (
				661BEEC3273BE5C700B7817F /* navigationViewController.swift in Sources */,
				99B7D145272AF3FF0053C09D /* LibaryCell.swift in Sources */,
				661BEEBF273A8C8F00B7817F /* dataMixes.swift in Sources */,
				661BEEC5273BE76600B7817F /* ViewController.swift in Sources */,
				66D0FFF8271170C7004297F1 /* AppDelegate.swift in Sources */,
				66D0FFFA271170C7004297F1 /* SceneDelegate.swift in Sources */,
				99561B2027298A72007E8150 /* HomeViewController.swift in Sources */,
				99561B2427298B3C007E8150 /* LibaryViewController.swift in Sources */,
				99561B2C2729A1EA007E8150 /* MainCell.swift in Sources */,
			);
			runOnlyForDeploymentPostprocessing = 0;
		};
/* End PBXSourcesBuildPhase section */

/* Begin PBXVariantGroup section */
		66D00002271170D4004297F1 /* LaunchScreen.storyboard */ = {
			isa = PBXVariantGroup;
			children = (
				66D00003271170D4004297F1 /* Base */,
			);
			name = LaunchScreen.storyboard;
			sourceTree = "<group>";
		};
		66D0FFFD271170C8004297F1 /* Main.storyboard */ = {
			isa = PBXVariantGroup;
			children = (
				66D0FFFE271170C8004297F1 /* Base */,
			);
			name = Main.storyboard;
			sourceTree = "<group>";
		};
/* End PBXVariantGroup section */

/* Begin XCBuildConfiguration section */
		66D00006271170D4004297F1 /* Debug */ = {
			isa = XCBuildConfiguration;
			buildSettings = {
				ALWAYS_SEARCH_USER_PATHS = NO;
				CLANG_ANALYZER_NONNULL = YES;
				CLANG_ANALYZER_NUMBER_OBJECT_CONVERSION = YES_AGGRESSIVE;
				CLANG_CXX_LANGUAGE_STANDARD = "gnu++14";
				CLANG_CXX_LIBRARY = "libc++";
				CLANG_ENABLE_MODULES = YES;
				CLANG_ENABLE_OBJC_ARC = YES;
				CLANG_ENABLE_OBJC_WEAK = YES;
				CLANG_WARN_BLOCK_CAPTURE_AUTORELEASING = YES;
				CLANG_WARN_BOOL_CONVERSION = YES;
				CLANG_WARN_COMMA = YES;
				CLANG_WARN_CONSTANT_CONVERSION = YES;
				CLANG_WARN_DEPRECATED_OBJC_IMPLEMENTATIONS = YES;
				CLANG_WARN_DIRECT_OBJC_ISA_USAGE = YES_ERROR;
				CLANG_WARN_DOCUMENTATION_COMMENTS = YES;
				CLANG_WARN_EMPTY_BODY = YES;
				CLANG_WARN_ENUM_CONVERSION = YES;
				CLANG_WARN_INFINITE_RECURSION = YES;
				CLANG_WARN_INT_CONVERSION = YES;
				CLANG_WARN_NON_LITERAL_NULL_CONVERSION = YES;
				CLANG_WARN_OBJC_IMPLICIT_RETAIN_SELF = YES;
				CLANG_WARN_OBJC_LITERAL_CONVERSION = YES;
				CLANG_WARN_OBJC_ROOT_CLASS = YES_ERROR;
				CLANG_WARN_QUOTED_INCLUDE_IN_FRAMEWORK_HEADER = YES;
				CLANG_WARN_RANGE_LOOP_ANALYSIS = YES;
				CLANG_WARN_STRICT_PROTOTYPES = YES;
				CLANG_WARN_SUSPICIOUS_MOVE = YES;
				CLANG_WARN_UNGUARDED_AVAILABILITY = YES_AGGRESSIVE;
				CLANG_WARN_UNREACHABLE_CODE = YES;
				CLANG_WARN__DUPLICATE_METHOD_MATCH = YES;
				COPY_PHASE_STRIP = NO;
				DEBUG_INFORMATION_FORMAT = dwarf;
				ENABLE_STRICT_OBJC_MSGSEND = YES;
				ENABLE_TESTABILITY = YES;
				GCC_C_LANGUAGE_STANDARD = gnu11;
				GCC_DYNAMIC_NO_PIC = NO;
				GCC_NO_COMMON_BLOCKS = YES;
				GCC_OPTIMIZATION_LEVEL = 0;
				GCC_PREPROCESSOR_DEFINITIONS = (
					"DEBUG=1",
					"$(inherited)",
				);
				GCC_WARN_64_TO_32_BIT_CONVERSION = YES;
				GCC_WARN_ABOUT_RETURN_TYPE = YES_ERROR;
				GCC_WARN_UNDECLARED_SELECTOR = YES;
				GCC_WARN_UNINITIALIZED_AUTOS = YES_AGGRESSIVE;
				GCC_WARN_UNUSED_FUNCTION = YES;
				GCC_WARN_UNUSED_VARIABLE = YES;
				IPHONEOS_DEPLOYMENT_TARGET = 14.5;
				MTL_ENABLE_DEBUG_INFO = INCLUDE_SOURCE;
				MTL_FAST_MATH = YES;
				ONLY_ACTIVE_ARCH = YES;
				SDKROOT = iphoneos;
				SWIFT_ACTIVE_COMPILATION_CONDITIONS = DEBUG;
				SWIFT_OPTIMIZATION_LEVEL = "-Onone";
			};
			name = Debug;
		};
		66D00007271170D4004297F1 /* Release */ = {
			isa = XCBuildConfiguration;
			buildSettings = {
				ALWAYS_SEARCH_USER_PATHS = NO;
				CLANG_ANALYZER_NONNULL = YES;
				CLANG_ANALYZER_NUMBER_OBJECT_CONVERSION = YES_AGGRESSIVE;
				CLANG_CXX_LANGUAGE_STANDARD = "gnu++14";
				CLANG_CXX_LIBRARY = "libc++";
				CLANG_ENABLE_MODULES = YES;
				CLANG_ENABLE_OBJC_ARC = YES;
				CLANG_ENABLE_OBJC_WEAK = YES;
				CLANG_WARN_BLOCK_CAPTURE_AUTORELEASING = YES;
				CLANG_WARN_BOOL_CONVERSION = YES;
				CLANG_WARN_COMMA = YES;
				CLANG_WARN_CONSTANT_CONVERSION = YES;
				CLANG_WARN_DEPRECATED_OBJC_IMPLEMENTATIONS = YES;
				CLANG_WARN_DIRECT_OBJC_ISA_USAGE = YES_ERROR;
				CLANG_WARN_DOCUMENTATION_COMMENTS = YES;
				CLANG_WARN_EMPTY_BODY = YES;
				CLANG_WARN_ENUM_CONVERSION = YES;
				CLANG_WARN_INFINITE_RECURSION = YES;
				CLANG_WARN_INT_CONVERSION = YES;
				CLANG_WARN_NON_LITERAL_NULL_CONVERSION = YES;
				CLANG_WARN_OBJC_IMPLICIT_RETAIN_SELF = YES;
				CLANG_WARN_OBJC_LITERAL_CONVERSION = YES;
				CLANG_WARN_OBJC_ROOT_CLASS = YES_ERROR;
				CLANG_WARN_QUOTED_INCLUDE_IN_FRAMEWORK_HEADER = YES;
				CLANG_WARN_RANGE_LOOP_ANALYSIS = YES;
				CLANG_WARN_STRICT_PROTOTYPES = YES;
				CLANG_WARN_SUSPICIOUS_MOVE = YES;
				CLANG_WARN_UNGUARDED_AVAILABILITY = YES_AGGRESSIVE;
				CLANG_WARN_UNREACHABLE_CODE = YES;
				CLANG_WARN__DUPLICATE_METHOD_MATCH = YES;
				COPY_PHASE_STRIP = NO;
				DEBUG_INFORMATION_FORMAT = "dwarf-with-dsym";
				ENABLE_NS_ASSERTIONS = NO;
				ENABLE_STRICT_OBJC_MSGSEND = YES;
				GCC_C_LANGUAGE_STANDARD = gnu11;
				GCC_NO_COMMON_BLOCKS = YES;
				GCC_WARN_64_TO_32_BIT_CONVERSION = YES;
				GCC_WARN_ABOUT_RETURN_TYPE = YES_ERROR;
				GCC_WARN_UNDECLARED_SELECTOR = YES;
				GCC_WARN_UNINITIALIZED_AUTOS = YES_AGGRESSIVE;
				GCC_WARN_UNUSED_FUNCTION = YES;
				GCC_WARN_UNUSED_VARIABLE = YES;
				IPHONEOS_DEPLOYMENT_TARGET = 14.5;
				MTL_ENABLE_DEBUG_INFO = NO;
				MTL_FAST_MATH = YES;
				SDKROOT = iphoneos;
				SWIFT_COMPILATION_MODE = wholemodule;
				SWIFT_OPTIMIZATION_LEVEL = "-O";
				VALIDATE_PRODUCT = YES;
			};
			name = Release;
		};
		66D00009271170D4004297F1 /* Debug */ = {
			isa = XCBuildConfiguration;
			buildSettings = {
				ASSETCATALOG_COMPILER_APPICON_NAME = AppIcon;
				ASSETCATALOG_COMPILER_GLOBAL_ACCENT_COLOR_NAME = AccentColor;
				CODE_SIGN_STYLE = Automatic;
				INFOPLIST_FILE = MIXes/Info.plist;
				IPHONEOS_DEPLOYMENT_TARGET = 15.0;
				LD_RUNPATH_SEARCH_PATHS = (
					"$(inherited)",
					"@executable_path/Frameworks",
				);
				PRODUCT_BUNDLE_IDENTIFIER = me.MIXes;
				PRODUCT_NAME = "$(TARGET_NAME)";
				SWIFT_VERSION = 5.0;
				TARGETED_DEVICE_FAMILY = "1,2";
			};
			name = Debug;
		};
		66D0000A271170D4004297F1 /* Release */ = {
			isa = XCBuildConfiguration;
			buildSettings = {
				ASSETCATALOG_COMPILER_APPICON_NAME = AppIcon;
				ASSETCATALOG_COMPILER_GLOBAL_ACCENT_COLOR_NAME = AccentColor;
				CODE_SIGN_STYLE = Automatic;
				INFOPLIST_FILE = MIXes/Info.plist;
				IPHONEOS_DEPLOYMENT_TARGET = 15.0;
				LD_RUNPATH_SEARCH_PATHS = (
					"$(inherited)",
					"@executable_path/Frameworks",
				);
				PRODUCT_BUNDLE_IDENTIFIER = me.MIXes;
				PRODUCT_NAME = "$(TARGET_NAME)";
				SWIFT_VERSION = 5.0;
				TARGETED_DEVICE_FAMILY = "1,2";
			};
			name = Release;
		};
/* End XCBuildConfiguration section */

/* Begin XCConfigurationList section */
		66D00008271170D4004297F1 /* Build configuration list for PBXNativeTarget "MIXes" */ = {
			isa = XCConfigurationList;
			buildConfigurations = (
				66D00009271170D4004297F1 /* Debug */,
				66D0000A271170D4004297F1 /* Release */,
			);
			defaultConfigurationIsVisible = 0;
			defaultConfigurationName = Release;
		};
		66D0FFEF271170C7004297F1 /* Build configuration list for PBXProject "MIXes" */ = {
			isa = XCConfigurationList;
			buildConfigurations = (
				66D00006271170D4004297F1 /* Debug */,
				66D00007271170D4004297F1 /* Release */,
			);
			defaultConfigurationIsVisible = 0;
			defaultConfigurationName = Release;
		};
/* End XCConfigurationList section */
	};
	rootObject = 66D0FFEC271170C7004297F1 /* Project object */;
}
